
Microsoft Visual Studio Solution File, Format Version 12.00
# Visual Studio Version 17
VisualStudioVersion = 17.11.35327.3
MinimumVisualStudioVersion = 10.0.40219.1
Project("{8BC9CEB8-8B4A-11D0-8D11-00A0C91BC942}") = "Problem 12", "Problem 12\Problem 12.vcxproj", "{9F18B263-A986-4520-A359-723D2D82893F}"
EndProject
Project("{8BC9CEB8-8B4A-11D0-8D11-00A0C91BC942}") = "Problem 11", "Problem 11\Problem 11.vcxproj", "{A7CA6127-7FF2-43BA-8FA8-269416038E7E}"
EndProject
Project("{8BC9CEB8-8B4A-11D0-8D11-00A0C91BC942}") = "Problem 10", "Problem 10\Problem 10.vcxproj", "{EB0A4220-AD48-4BF9-A5CC-3EDF8F11F1E6}"
EndProject
Project("{8BC9CEB8-8B4A-11D0-8D11-00A0C91BC942}") = "Problem 09", "Problem 09\Problem 09.vcxproj", "{61A992EA-0977-4F85-9BF2-D11F8E83799E}"
EndProject
Project("{8BC9CEB8-8B4A-11D0-8D11-00A0C91BC942}") = "Problem 01", "Problem 01\Problem 01.vcxproj", "{5A455128-7297-44B5-8895-58243751098B}"
EndProject
Project("{8BC9CEB8-8B4A-11D0-8D11-00A0C91BC942}") = "Problem 02", "Problem 02\Problem 02.vcxproj", "{A7F2D236-2085-4ED2-A684-B62047C2C412}"
EndProject
Project("{8BC9CEB8-8B4A-11D0-8D11-00A0C91BC942}") = "Problem 03", "Problem 03\Problem 03.vcxproj", "{27B4BA52-E968-45F4-8CEB-AC68A512C210}"
EndProject
Project("{8BC9CEB8-8B4A-11D0-8D11-00A0C91BC942}") = "Problem 04", "Problem 04\Problem 04.vcxproj", "{22221DD1-EFF5-447C-B25F-C70BB8869B0C}"
EndProject
Project("{8BC9CEB8-8B4A-11D0-8D11-00A0C91BC942}") = "Problem 05", "Problem 05\Problem 05.vcxproj", "{E75FF1C0-15D0-46E1-9AB6-13C25D49AB34}"
EndProject
Project("{8BC9CEB8-8B4A-11D0-8D11-00A0C91BC942}") = "Problem 06", "Problem 06\Problem 06.vcxproj", "{F6C95CEB-FF0F-4F5F-9231-BB4BBE0C43FA}"
EndProject
Project("{8BC9CEB8-8B4A-11D0-8D11-00A0C91BC942}") = "Problem 08", "Problem 08\Problem 08.vcxproj", "{6396B4F4-531F-4965-9111-A0DC44A44D50}"
EndProject
Global
	GlobalSection(SolutionConfigurationPlatforms) = preSolution
		Debug|x64 = Debug|x64
		Debug|x86 = Debug|x86
		Release|x64 = Release|x64
		Release|x86 = Release|x86
	EndGlobalSection
	GlobalSection(ProjectConfigurationPlatforms) = postSolution
		{9F18B263-A986-4520-A359-723D2D82893F}.Debug|x64.ActiveCfg = Debug|x64
		{9F18B263-A986-4520-A359-723D2D82893F}.Debug|x64.Build.0 = Debug|x64
		{9F18B263-A986-4520-A359-723D2D82893F}.Debug|x86.ActiveCfg = Debug|Win32
		{9F18B263-A986-4520-A359-723D2D82893F}.Debug|x86.Build.0 = Debug|Win32
		{9F18B263-A986-4520-A359-723D2D82893F}.Release|x64.ActiveCfg = Release|x64
		{9F18B263-A986-4520-A359-723D2D82893F}.Release|x64.Build.0 = Release|x64
		{9F18B263-A986-4520-A359-723D2D82893F}.Release|x86.ActiveCfg = Release|Win32
		{9F18B263-A986-4520-A359-723D2D82893F}.Release|x86.Build.0 = Release|Win32
		{A7CA6127-7FF2-43BA-8FA8-269416038E7E}.Debug|x64.ActiveCfg = Debug|x64
		{A7CA6127-7FF2-43BA-8FA8-269416038E7E}.Debug|x64.Build.0 = Debug|x64
		{A7CA6127-7FF2-43BA-8FA8-269416038E7E}.Debug|x86.ActiveCfg = Debug|Win32
		{A7CA6127-7FF2-43BA-8FA8-269416038E7E}.Debug|x86.Build.0 = Debug|Win32
		{A7CA6127-7FF2-43BA-8FA8-269416038E7E}.Release|x64.ActiveCfg = Release|x64
		{A7CA6127-7FF2-43BA-8FA8-269416038E7E}.Release|x64.Build.0 = Release|x64
		{A7CA6127-7FF2-43BA-8FA8-269416038E7E}.Release|x86.ActiveCfg = Release|Win32
		{A7CA6127-7FF2-43BA-8FA8-269416038E7E}.Release|x86.Build.0 = Release|Win32
		{EB0A4220-AD48-4BF9-A5CC-3EDF8F11F1E6}.Debug|x64.ActiveCfg = Debug|x64
		{EB0A4220-AD48-4BF9-A5CC-3EDF8F11F1E6}.Debug|x64.Build.0 = Debug|x64
		{EB0A4220-AD48-4BF9-A5CC-3EDF8F11F1E6}.Debug|x86.ActiveCfg = Debug|Win32
		{EB0A4220-AD48-4BF9-A5CC-3EDF8F11F1E6}.Debug|x86.Build.0 = Debug|Win32
		{EB0A4220-AD48-4BF9-A5CC-3EDF8F11F1E6}.Release|x64.ActiveCfg = Release|x64
		{EB0A4220-AD48-4BF9-A5CC-3EDF8F11F1E6}.Release|x64.Build.0 = Release|x64
		{EB0A4220-AD48-4BF9-A5CC-3EDF8F11F1E6}.Release|x86.ActiveCfg = Release|Win32
		{EB0A4220-AD48-4BF9-A5CC-3EDF8F11F1E6}.Release|x86.Build.0 = Release|Win32
		{61A992EA-0977-4F85-9BF2-D11F8E83799E}.Debug|x64.ActiveCfg = Debug|x64
		{61A992EA-0977-4F85-9BF2-D11F8E83799E}.Debug|x64.Build.0 = Debug|x64
		{61A992EA-0977-4F85-9BF2-D11F8E83799E}.Debug|x86.ActiveCfg = Debug|Win32
		{61A992EA-0977-4F85-9BF2-D11F8E83799E}.Debug|x86.Build.0 = Debug|Win32
		{61A992EA-0977-4F85-9BF2-D11F8E83799E}.Release|x64.ActiveCfg = Release|x64
		{61A992EA-0977-4F85-9BF2-D11F8E83799E}.Release|x64.Build.0 = Release|x64
		{61A992EA-0977-4F85-9BF2-D11F8E83799E}.Release|x86.ActiveCfg = Release|Win32
		{61A992EA-0977-4F85-9BF2-D11F8E83799E}.Release|x86.Build.0 = Release|Win32
		{5A455128-7297-44B5-8895-58243751098B}.Debug|x64.ActiveCfg = Debug|x64
		{5A455128-7297-44B5-8895-58243751098B}.Debug|x64.Build.0 = Debug|x64
		{5A455128-7297-44B5-8895-58243751098B}.Debug|x86.ActiveCfg = Debug|Win32
		{5A455128-7297-44B5-8895-58243751098B}.Debug|x86.Build.0 = Debug|Win32
		{5A455128-7297-44B5-8895-58243751098B}.Release|x64.ActiveCfg = Release|x64
		{5A455128-7297-44B5-8895-58243751098B}.Release|x64.Build.0 = Release|x64
		{5A455128-7297-44B5-8895-58243751098B}.Release|x86.ActiveCfg = Release|Win32
		{5A455128-7297-44B5-8895-58243751098B}.Release|x86.Build.0 = Release|Win32
		{A7F2D236-2085-4ED2-A684-B62047C2C412}.Debug|x64.ActiveCfg = Debug|x64
		{A7F2D236-2085-4ED2-A684-B62047C2C412}.Debug|x64.Build.0 = Debug|x64
		{A7F2D236-2085-4ED2-A684-B62047C2C412}.Debug|x86.ActiveCfg = Debug|Win32
		{A7F2D236-2085-4ED2-A684-B62047C2C412}.Debug|x86.Build.0 = Debug|Win32
		{A7F2D236-2085-4ED2-A684-B62047C2C412}.Release|x64.ActiveCfg = Release|x64
		{A7F2D236-2085-4ED2-A684-B62047C2C412}.Release|x64.Build.0 = Release|x64
		{A7F2D236-2085-4ED2-A684-B62047C2C412}.Release|x86.ActiveCfg = Release|Win32
		{A7F2D236-2085-4ED2-A684-B62047C2C412}.Release|x86.Build.0 = Release|Win32
		{27B4BA52-E968-45F4-8CEB-AC68A512C210}.Debug|x64.ActiveCfg = Debug|x64
		{27B4BA52-E968-45F4-8CEB-AC68A512C210}.Debug|x64.Build.0 = Debug|x64
		{27B4BA52-E968-45F4-8CEB-AC68A512C210}.Debug|x86.ActiveCfg = Debug|Win32
		{27B4BA52-E968-45F4-8CEB-AC68A512C210}.Debug|x86.Build.0 = Debug|Win32
		{27B4BA52-E968-45F4-8CEB-AC68A512C210}.Release|x64.ActiveCfg = Release|x64
		{27B4BA52-E968-45F4-8CEB-AC68A512C210}.Release|x64.Build.0 = Release|x64
		{27B4BA52-E968-45F4-8CEB-AC68A512C210}.Release|x86.ActiveCfg = Release|Win32
		{27B4BA52-E968-45F4-8CEB-AC68A512C210}.Release|x86.Build.0 = Release|Win32
		{22221DD1-EFF5-447C-B25F-C70BB8869B0C}.Debug|x64.ActiveCfg = Debug|x64
		{22221DD1-EFF5-447C-B25F-C70BB8869B0C}.Debug|x64.Build.0 = Debug|x64
		{22221DD1-EFF5-447C-B25F-C70BB8869B0C}.Debug|x86.ActiveCfg = Debug|Win32
		{22221DD1-EFF5-447C-B25F-C70BB8869B0C}.Debug|x86.Build.0 = Debug|Win32
		{22221DD1-EFF5-447C-B25F-C70BB8869B0C}.Release|x64.ActiveCfg = Release|x64
		{22221DD1-EFF5-447C-B25F-C70BB8869B0C}.Release|x64.Build.0 = Release|x64
		{22221DD1-EFF5-447C-B25F-C70BB8869B0C}.Release|x86.ActiveCfg = Release|Win32
		{22221DD1-EFF5-447C-B25F-C70BB8869B0C}.Release|x86.Build.0 = Release|Win32
		{E75FF1C0-15D0-46E1-9AB6-13C25D49AB34}.Debug|x64.ActiveCfg = Debug|x64
		{E75FF1C0-15D0-46E1-9AB6-13C25D49AB34}.Debug|x64.Build.0 = Debug|x64
		{E75FF1C0-15D0-46E1-9AB6-13C25D49AB34}.Debug|x86.ActiveCfg = Debug|Win32
		{E75FF1C0-15D0-46E1-9AB6-13C25D49AB34}.Debug|x86.Build.0 = Debug|Win32
		{E75FF1C0-15D0-46E1-9AB6-13C25D49AB34}.Release|x64.ActiveCfg = Release|x64
		{E75FF1C0-15D0-46E1-9AB6-13C25D49AB34}.Release|x64.Build.0 = Release|x64
		{E75FF1C0-15D0-46E1-9AB6-13C25D49AB34}.Release|x86.ActiveCfg = Release|Win32
		{E75FF1C0-15D0-46E1-9AB6-13C25D49AB34}.Release|x86.Build.0 = Release|Win32
		{F6C95CEB-FF0F-4F5F-9231-BB4BBE0C43FA}.Debug|x64.ActiveCfg = Debug|x64
		{F6C95CEB-FF0F-4F5F-9231-BB4BBE0C43FA}.Debug|x64.Build.0 = Debug|x64
		{F6C95CEB-FF0F-4F5F-9231-BB4BBE0C43FA}.Debug|x86.ActiveCfg = Debug|Win32
		{F6C95CEB-FF0F-4F5F-9231-BB4BBE0C43FA}.Debug|x86.Build.0 = Debug|Win32
		{F6C95CEB-FF0F-4F5F-9231-BB4BBE0C43FA}.Release|x64.ActiveCfg = Release|x64
		{F6C95CEB-FF0F-4F5F-9231-BB4BBE0C43FA}.Release|x64.Build.0 = Release|x64
		{F6C95CEB-FF0F-4F5F-9231-BB4BBE0C43FA}.Release|x86.ActiveCfg = Release|Win32
		{F6C95CEB-FF0F-4F5F-9231-BB4BBE0C43FA}.Release|x86.Build.0 = Release|Win32
		{6396B4F4-531F-4965-9111-A0DC44A44D50}.Debug|x64.ActiveCfg = Debug|x64
		{6396B4F4-531F-4965-9111-A0DC44A44D50}.Debug|x64.Build.0 = Debug|x64
		{6396B4F4-531F-4965-9111-A0DC44A44D50}.Debug|x86.ActiveCfg = Debug|Win32
		{6396B4F4-531F-4965-9111-A0DC44A44D50}.Debug|x86.Build.0 = Debug|Win32
		{6396B4F4-531F-4965-9111-A0DC44A44D50}.Release|x64.ActiveCfg = Release|x64
		{6396B4F4-531F-4965-9111-A0DC44A44D50}.Release|x64.Build.0 = Release|x64
		{6396B4F4-531F-4965-9111-A0DC44A44D50}.Release|x86.ActiveCfg = Release|Win32
		{6396B4F4-531F-4965-9111-A0DC44A44D50}.Release|x86.Build.0 = Release|Win32
	EndGlobalSection
	GlobalSection(SolutionProperties) = preSolution
		HideSolutionNode = FALSE
	EndGlobalSection
	GlobalSection(ExtensibilityGlobals) = postSolution
		SolutionGuid = {D52D7E1E-45F5-41CC-9423-B1363D96012F}
	EndGlobalSection
EndGlobal
