
Microsoft Visual Studio Solution File, Format Version 12.00
# Visual Studio Version 17
VisualStudioVersion = 17.11.35327.3
MinimumVisualStudioVersion = 10.0.40219.1
Project("{8BC9CEB8-8B4A-11D0-8D11-00A0C91BC942}") = "Task 04", "Task 4\Task 4.vcxproj", "{267B76FD-5992-4619-86BE-600F43DC532C}"
EndProject
Project("{8BC9CEB8-8B4A-11D0-8D11-00A0C91BC942}") = "Task 05", "Task 05\Task 05.vcxproj", "{CED0F6F9-0EA4-4494-B8A5-127A1853E4D9}"
EndProject
Project("{8BC9CEB8-8B4A-11D0-8D11-00A0C91BC942}") = "Task 13", "Task 13\Task 13.vcxproj", "{3B16D783-DC4C-46B5-8B9E-F25D6D2C2B65}"
EndProject
Project("{8BC9CEB8-8B4A-11D0-8D11-00A0C91BC942}") = "Task 06", "Task 06\Task 06.vcxproj", "{B20D5461-2873-4CBA-B7AB-A054A8C8BAC0}"
EndProject
Project("{8BC9CEB8-8B4A-11D0-8D11-00A0C91BC942}") = "Task 14", "Task 14\Task 14.vcxproj", "{40E78B77-861D-46E0-9F2E-06FE15FE0321}"
EndProject
Project("{8BC9CEB8-8B4A-11D0-8D11-00A0C91BC942}") = "Task 12", "Task 12\Task 12.vcxproj", "{9A69E969-D52C-4284-B982-A0BF8CD3ACEE}"
EndProject
Project("{8BC9CEB8-8B4A-11D0-8D11-00A0C91BC942}") = "Task 10", "Task 11\Task 11.vcxproj", "{6483EC5D-6C26-40BF-8F0F-7ABDFE84D766}"
EndProject
Project("{8BC9CEB8-8B4A-11D0-8D11-00A0C91BC942}") = "Task 09", "Task 09\Task 09.vcxproj", "{5CF63FEE-D509-46E3-AEE5-0F6CAFC40269}"
EndProject
Project("{8BC9CEB8-8B4A-11D0-8D11-00A0C91BC942}") = "Task 08", "Task 08\Task 08.vcxproj", "{593A4EF9-724B-4F84-971C-C018E22E7F37}"
EndProject
Global
	GlobalSection(SolutionConfigurationPlatforms) = preSolution
		Debug|x64 = Debug|x64
		Debug|x86 = Debug|x86
		Release|x64 = Release|x64
		Release|x86 = Release|x86
	EndGlobalSection
	GlobalSection(ProjectConfigurationPlatforms) = postSolution
		{267B76FD-5992-4619-86BE-600F43DC532C}.Debug|x64.ActiveCfg = Debug|x64
		{267B76FD-5992-4619-86BE-600F43DC532C}.Debug|x64.Build.0 = Debug|x64
		{267B76FD-5992-4619-86BE-600F43DC532C}.Debug|x86.ActiveCfg = Debug|Win32
		{267B76FD-5992-4619-86BE-600F43DC532C}.Debug|x86.Build.0 = Debug|Win32
		{267B76FD-5992-4619-86BE-600F43DC532C}.Release|x64.ActiveCfg = Release|x64
		{267B76FD-5992-4619-86BE-600F43DC532C}.Release|x64.Build.0 = Release|x64
		{267B76FD-5992-4619-86BE-600F43DC532C}.Release|x86.ActiveCfg = Release|Win32
		{267B76FD-5992-4619-86BE-600F43DC532C}.Release|x86.Build.0 = Release|Win32
		{CED0F6F9-0EA4-4494-B8A5-127A1853E4D9}.Debug|x64.ActiveCfg = Debug|x64
		{CED0F6F9-0EA4-4494-B8A5-127A1853E4D9}.Debug|x64.Build.0 = Debug|x64
		{CED0F6F9-0EA4-4494-B8A5-127A1853E4D9}.Debug|x86.ActiveCfg = Debug|Win32
		{CED0F6F9-0EA4-4494-B8A5-127A1853E4D9}.Debug|x86.Build.0 = Debug|Win32
		{CED0F6F9-0EA4-4494-B8A5-127A1853E4D9}.Release|x64.ActiveCfg = Release|x64
		{CED0F6F9-0EA4-4494-B8A5-127A1853E4D9}.Release|x64.Build.0 = Release|x64
		{CED0F6F9-0EA4-4494-B8A5-127A1853E4D9}.Release|x86.ActiveCfg = Release|Win32
		{CED0F6F9-0EA4-4494-B8A5-127A1853E4D9}.Release|x86.Build.0 = Release|Win32
		{3B16D783-DC4C-46B5-8B9E-F25D6D2C2B65}.Debug|x64.ActiveCfg = Debug|x64
		{3B16D783-DC4C-46B5-8B9E-F25D6D2C2B65}.Debug|x64.Build.0 = Debug|x64
		{3B16D783-DC4C-46B5-8B9E-F25D6D2C2B65}.Debug|x86.ActiveCfg = Debug|Win32
		{3B16D783-DC4C-46B5-8B9E-F25D6D2C2B65}.Debug|x86.Build.0 = Debug|Win32
		{3B16D783-DC4C-46B5-8B9E-F25D6D2C2B65}.Release|x64.ActiveCfg = Release|x64
		{3B16D783-DC4C-46B5-8B9E-F25D6D2C2B65}.Release|x64.Build.0 = Release|x64
		{3B16D783-DC4C-46B5-8B9E-F25D6D2C2B65}.Release|x86.ActiveCfg = Release|Win32
		{3B16D783-DC4C-46B5-8B9E-F25D6D2C2B65}.Release|x86.Build.0 = Release|Win32
		{B20D5461-2873-4CBA-B7AB-A054A8C8BAC0}.Debug|x64.ActiveCfg = Debug|x64
		{B20D5461-2873-4CBA-B7AB-A054A8C8BAC0}.Debug|x64.Build.0 = Debug|x64
		{B20D5461-2873-4CBA-B7AB-A054A8C8BAC0}.Debug|x86.ActiveCfg = Debug|Win32
		{B20D5461-2873-4CBA-B7AB-A054A8C8BAC0}.Debug|x86.Build.0 = Debug|Win32
		{B20D5461-2873-4CBA-B7AB-A054A8C8BAC0}.Release|x64.ActiveCfg = Release|x64
		{B20D5461-2873-4CBA-B7AB-A054A8C8BAC0}.Release|x64.Build.0 = Release|x64
		{B20D5461-2873-4CBA-B7AB-A054A8C8BAC0}.Release|x86.ActiveCfg = Release|Win32
		{B20D5461-2873-4CBA-B7AB-A054A8C8BAC0}.Release|x86.Build.0 = Release|Win32
		{40E78B77-861D-46E0-9F2E-06FE15FE0321}.Debug|x64.ActiveCfg = Debug|x64
		{40E78B77-861D-46E0-9F2E-06FE15FE0321}.Debug|x64.Build.0 = Debug|x64
		{40E78B77-861D-46E0-9F2E-06FE15FE0321}.Debug|x86.ActiveCfg = Debug|Win32
		{40E78B77-861D-46E0-9F2E-06FE15FE0321}.Debug|x86.Build.0 = Debug|Win32
		{40E78B77-861D-46E0-9F2E-06FE15FE0321}.Release|x64.ActiveCfg = Release|x64
		{40E78B77-861D-46E0-9F2E-06FE15FE0321}.Release|x64.Build.0 = Release|x64
		{40E78B77-861D-46E0-9F2E-06FE15FE0321}.Release|x86.ActiveCfg = Release|Win32
		{40E78B77-861D-46E0-9F2E-06FE15FE0321}.Release|x86.Build.0 = Release|Win32
		{9A69E969-D52C-4284-B982-A0BF8CD3ACEE}.Debug|x64.ActiveCfg = Debug|x64
		{9A69E969-D52C-4284-B982-A0BF8CD3ACEE}.Debug|x64.Build.0 = Debug|x64
		{9A69E969-D52C-4284-B982-A0BF8CD3ACEE}.Debug|x86.ActiveCfg = Debug|Win32
		{9A69E969-D52C-4284-B982-A0BF8CD3ACEE}.Debug|x86.Build.0 = Debug|Win32
		{9A69E969-D52C-4284-B982-A0BF8CD3ACEE}.Release|x64.ActiveCfg = Release|x64
		{9A69E969-D52C-4284-B982-A0BF8CD3ACEE}.Release|x64.Build.0 = Release|x64
		{9A69E969-D52C-4284-B982-A0BF8CD3ACEE}.Release|x86.ActiveCfg = Release|Win32
		{9A69E969-D52C-4284-B982-A0BF8CD3ACEE}.Release|x86.Build.0 = Release|Win32
		{6483EC5D-6C26-40BF-8F0F-7ABDFE84D766}.Debug|x64.ActiveCfg = Debug|x64
		{6483EC5D-6C26-40BF-8F0F-7ABDFE84D766}.Debug|x64.Build.0 = Debug|x64
		{6483EC5D-6C26-40BF-8F0F-7ABDFE84D766}.Debug|x86.ActiveCfg = Debug|Win32
		{6483EC5D-6C26-40BF-8F0F-7ABDFE84D766}.Debug|x86.Build.0 = Debug|Win32
		{6483EC5D-6C26-40BF-8F0F-7ABDFE84D766}.Release|x64.ActiveCfg = Release|x64
		{6483EC5D-6C26-40BF-8F0F-7ABDFE84D766}.Release|x64.Build.0 = Release|x64
		{6483EC5D-6C26-40BF-8F0F-7ABDFE84D766}.Release|x86.ActiveCfg = Release|Win32
		{6483EC5D-6C26-40BF-8F0F-7ABDFE84D766}.Release|x86.Build.0 = Release|Win32
		{5CF63FEE-D509-46E3-AEE5-0F6CAFC40269}.Debug|x64.ActiveCfg = Debug|x64
		{5CF63FEE-D509-46E3-AEE5-0F6CAFC40269}.Debug|x64.Build.0 = Debug|x64
		{5CF63FEE-D509-46E3-AEE5-0F6CAFC40269}.Debug|x86.ActiveCfg = Debug|Win32
		{5CF63FEE-D509-46E3-AEE5-0F6CAFC40269}.Debug|x86.Build.0 = Debug|Win32
		{5CF63FEE-D509-46E3-AEE5-0F6CAFC40269}.Release|x64.ActiveCfg = Release|x64
		{5CF63FEE-D509-46E3-AEE5-0F6CAFC40269}.Release|x64.Build.0 = Release|x64
		{5CF63FEE-D509-46E3-AEE5-0F6CAFC40269}.Release|x86.ActiveCfg = Release|Win32
		{5CF63FEE-D509-46E3-AEE5-0F6CAFC40269}.Release|x86.Build.0 = Release|Win32
		{593A4EF9-724B-4F84-971C-C018E22E7F37}.Debug|x64.ActiveCfg = Debug|x64
		{593A4EF9-724B-4F84-971C-C018E22E7F37}.Debug|x64.Build.0 = Debug|x64
		{593A4EF9-724B-4F84-971C-C018E22E7F37}.Debug|x86.ActiveCfg = Debug|Win32
		{593A4EF9-724B-4F84-971C-C018E22E7F37}.Debug|x86.Build.0 = Debug|Win32
		{593A4EF9-724B-4F84-971C-C018E22E7F37}.Release|x64.ActiveCfg = Release|x64
		{593A4EF9-724B-4F84-971C-C018E22E7F37}.Release|x64.Build.0 = Release|x64
		{593A4EF9-724B-4F84-971C-C018E22E7F37}.Release|x86.ActiveCfg = Release|Win32
		{593A4EF9-724B-4F84-971C-C018E22E7F37}.Release|x86.Build.0 = Release|Win32
	EndGlobalSection
	GlobalSection(SolutionProperties) = preSolution
		HideSolutionNode = FALSE
	EndGlobalSection
	GlobalSection(ExtensibilityGlobals) = postSolution
		SolutionGuid = {C0E04072-7454-4F61-9BB7-B9B1305CE69F}
	EndGlobalSection
EndGlobal
