
Microsoft Visual Studio Solution File, Format Version 12.00
# Visual Studio Version 17
VisualStudioVersion = 17.11.35327.3
MinimumVisualStudioVersion = 10.0.40219.1
Project("{8BC9CEB8-8B4A-11D0-8D11-00A0C91BC942}") = "Task 01", "Task 01\Task 01.vcxproj", "{90967994-6662-4B4D-B72B-ED8067EBEDA9}"
EndProject
Project("{8BC9CEB8-8B4A-11D0-8D11-00A0C91BC942}") = "Task 02", "Task 02\Task 02.vcxproj", "{30063F97-1FBD-4003-9D8E-3240E5B23405}"
EndProject
Project("{8BC9CEB8-8B4A-11D0-8D11-00A0C91BC942}") = "Task 03", "Task 03\Task 03.vcxproj", "{4A691A1C-E699-4B71-8AF5-39AD506058B5}"
EndProject
Global
	GlobalSection(SolutionConfigurationPlatforms) = preSolution
		Debug|x64 = Debug|x64
		Debug|x86 = Debug|x86
		Release|x64 = Release|x64
		Release|x86 = Release|x86
	EndGlobalSection
	GlobalSection(ProjectConfigurationPlatforms) = postSolution
		{90967994-6662-4B4D-B72B-ED8067EBEDA9}.Debug|x64.ActiveCfg = Debug|x64
		{90967994-6662-4B4D-B72B-ED8067EBEDA9}.Debug|x64.Build.0 = Debug|x64
		{90967994-6662-4B4D-B72B-ED8067EBEDA9}.Debug|x86.ActiveCfg = Debug|Win32
		{90967994-6662-4B4D-B72B-ED8067EBEDA9}.Debug|x86.Build.0 = Debug|Win32
		{90967994-6662-4B4D-B72B-ED8067EBEDA9}.Release|x64.ActiveCfg = Release|x64
		{90967994-6662-4B4D-B72B-ED8067EBEDA9}.Release|x64.Build.0 = Release|x64
		{90967994-6662-4B4D-B72B-ED8067EBEDA9}.Release|x86.ActiveCfg = Release|Win32
		{90967994-6662-4B4D-B72B-ED8067EBEDA9}.Release|x86.Build.0 = Release|Win32
		{30063F97-1FBD-4003-9D8E-3240E5B23405}.Debug|x64.ActiveCfg = Debug|x64
		{30063F97-1FBD-4003-9D8E-3240E5B23405}.Debug|x64.Build.0 = Debug|x64
		{30063F97-1FBD-4003-9D8E-3240E5B23405}.Debug|x86.ActiveCfg = Debug|Win32
		{30063F97-1FBD-4003-9D8E-3240E5B23405}.Debug|x86.Build.0 = Debug|Win32
		{30063F97-1FBD-4003-9D8E-3240E5B23405}.Release|x64.ActiveCfg = Release|x64
		{30063F97-1FBD-4003-9D8E-3240E5B23405}.Release|x64.Build.0 = Release|x64
		{30063F97-1FBD-4003-9D8E-3240E5B23405}.Release|x86.ActiveCfg = Release|Win32
		{30063F97-1FBD-4003-9D8E-3240E5B23405}.Release|x86.Build.0 = Release|Win32
		{4A691A1C-E699-4B71-8AF5-39AD506058B5}.Debug|x64.ActiveCfg = Debug|x64
		{4A691A1C-E699-4B71-8AF5-39AD506058B5}.Debug|x64.Build.0 = Debug|x64
		{4A691A1C-E699-4B71-8AF5-39AD506058B5}.Debug|x86.ActiveCfg = Debug|Win32
		{4A691A1C-E699-4B71-8AF5-39AD506058B5}.Debug|x86.Build.0 = Debug|Win32
		{4A691A1C-E699-4B71-8AF5-39AD506058B5}.Release|x64.ActiveCfg = Release|x64
		{4A691A1C-E699-4B71-8AF5-39AD506058B5}.Release|x64.Build.0 = Release|x64
		{4A691A1C-E699-4B71-8AF5-39AD506058B5}.Release|x86.ActiveCfg = Release|Win32
		{4A691A1C-E699-4B71-8AF5-39AD506058B5}.Release|x86.Build.0 = Release|Win32
	EndGlobalSection
	GlobalSection(SolutionProperties) = preSolution
		HideSolutionNode = FALSE
	EndGlobalSection
	GlobalSection(ExtensibilityGlobals) = postSolution
		SolutionGuid = {F1B6A7E1-55CC-47BF-9E02-10DAE4743B13}
	EndGlobalSection
EndGlobal
