
Microsoft Visual Studio Solution File, Format Version 12.00
# Visual Studio Version 17
VisualStudioVersion = 17.11.35327.3
MinimumVisualStudioVersion = 10.0.40219.1
Project("{8BC9CEB8-8B4A-11D0-8D11-00A0C91BC942}") = "Task 01", "Task 01\Task 01.vcxproj", "{CC345E41-0E25-4462-8A84-0543034B72EA}"
EndProject
Project("{8BC9CEB8-8B4A-11D0-8D11-00A0C91BC942}") = "BitManipulation", "BitManipulation\BitManipulation.vcxproj", "{C257A632-8039-4CD0-8659-BE7BFEA0146E}"
EndProject
Project("{8BC9CEB8-8B4A-11D0-8D11-00A0C91BC942}") = "PowerOfTwo", "PowerOfTwo\PowerOfTwo.vcxproj", "{AF561DD3-E672-4E55-B975-E1A10F056E39}"
EndProject
Global
	GlobalSection(SolutionConfigurationPlatforms) = preSolution
		Debug|x64 = Debug|x64
		Debug|x86 = Debug|x86
		Release|x64 = Release|x64
		Release|x86 = Release|x86
	EndGlobalSection
	GlobalSection(ProjectConfigurationPlatforms) = postSolution
		{CC345E41-0E25-4462-8A84-0543034B72EA}.Debug|x64.ActiveCfg = Debug|x64
		{CC345E41-0E25-4462-8A84-0543034B72EA}.Debug|x64.Build.0 = Debug|x64
		{CC345E41-0E25-4462-8A84-0543034B72EA}.Debug|x86.ActiveCfg = Debug|Win32
		{CC345E41-0E25-4462-8A84-0543034B72EA}.Debug|x86.Build.0 = Debug|Win32
		{CC345E41-0E25-4462-8A84-0543034B72EA}.Release|x64.ActiveCfg = Release|x64
		{CC345E41-0E25-4462-8A84-0543034B72EA}.Release|x64.Build.0 = Release|x64
		{CC345E41-0E25-4462-8A84-0543034B72EA}.Release|x86.ActiveCfg = Release|Win32
		{CC345E41-0E25-4462-8A84-0543034B72EA}.Release|x86.Build.0 = Release|Win32
		{C257A632-8039-4CD0-8659-BE7BFEA0146E}.Debug|x64.ActiveCfg = Debug|x64
		{C257A632-8039-4CD0-8659-BE7BFEA0146E}.Debug|x64.Build.0 = Debug|x64
		{C257A632-8039-4CD0-8659-BE7BFEA0146E}.Debug|x86.ActiveCfg = Debug|Win32
		{C257A632-8039-4CD0-8659-BE7BFEA0146E}.Debug|x86.Build.0 = Debug|Win32
		{C257A632-8039-4CD0-8659-BE7BFEA0146E}.Release|x64.ActiveCfg = Release|x64
		{C257A632-8039-4CD0-8659-BE7BFEA0146E}.Release|x64.Build.0 = Release|x64
		{C257A632-8039-4CD0-8659-BE7BFEA0146E}.Release|x86.ActiveCfg = Release|Win32
		{C257A632-8039-4CD0-8659-BE7BFEA0146E}.Release|x86.Build.0 = Release|Win32
		{AF561DD3-E672-4E55-B975-E1A10F056E39}.Debug|x64.ActiveCfg = Debug|x64
		{AF561DD3-E672-4E55-B975-E1A10F056E39}.Debug|x64.Build.0 = Debug|x64
		{AF561DD3-E672-4E55-B975-E1A10F056E39}.Debug|x86.ActiveCfg = Debug|Win32
		{AF561DD3-E672-4E55-B975-E1A10F056E39}.Debug|x86.Build.0 = Debug|Win32
		{AF561DD3-E672-4E55-B975-E1A10F056E39}.Release|x64.ActiveCfg = Release|x64
		{AF561DD3-E672-4E55-B975-E1A10F056E39}.Release|x64.Build.0 = Release|x64
		{AF561DD3-E672-4E55-B975-E1A10F056E39}.Release|x86.ActiveCfg = Release|Win32
		{AF561DD3-E672-4E55-B975-E1A10F056E39}.Release|x86.Build.0 = Release|Win32
	EndGlobalSection
	GlobalSection(SolutionProperties) = preSolution
		HideSolutionNode = FALSE
	EndGlobalSection
	GlobalSection(ExtensibilityGlobals) = postSolution
		SolutionGuid = {9C13C828-F69B-4501-9732-A9BBFCDD82F7}
	EndGlobalSection
EndGlobal
