
Microsoft Visual Studio Solution File, Format Version 12.00
# Visual Studio Version 17
VisualStudioVersion = 17.11.35327.3
MinimumVisualStudioVersion = 10.0.40219.1
Project("{8BC9CEB8-8B4A-11D0-8D11-00A0C91BC942}") = "Task 01", "Task 01\Task 01.vcxproj", "{DC5E00AD-1E4A-4024-B25D-5CD5146E9316}"
EndProject
Project("{8BC9CEB8-8B4A-11D0-8D11-00A0C91BC942}") = "Таск 02", "Таск 02\Таск 02.vcxproj", "{9A4B530D-D5A5-4453-A4FA-70604A9F0657}"
EndProject
Project("{8BC9CEB8-8B4A-11D0-8D11-00A0C91BC942}") = "Task 12", "Task 12\Task 12.vcxproj", "{CDAD5E4B-A5CE-4D8D-87E6-0F80D4AFD185}"
EndProject
Global
	GlobalSection(SolutionConfigurationPlatforms) = preSolution
		Debug|x64 = Debug|x64
		Debug|x86 = Debug|x86
		Release|x64 = Release|x64
		Release|x86 = Release|x86
	EndGlobalSection
	GlobalSection(ProjectConfigurationPlatforms) = postSolution
		{DC5E00AD-1E4A-4024-B25D-5CD5146E9316}.Debug|x64.ActiveCfg = Debug|x64
		{DC5E00AD-1E4A-4024-B25D-5CD5146E9316}.Debug|x64.Build.0 = Debug|x64
		{DC5E00AD-1E4A-4024-B25D-5CD5146E9316}.Debug|x86.ActiveCfg = Debug|Win32
		{DC5E00AD-1E4A-4024-B25D-5CD5146E9316}.Debug|x86.Build.0 = Debug|Win32
		{DC5E00AD-1E4A-4024-B25D-5CD5146E9316}.Release|x64.ActiveCfg = Release|x64
		{DC5E00AD-1E4A-4024-B25D-5CD5146E9316}.Release|x64.Build.0 = Release|x64
		{DC5E00AD-1E4A-4024-B25D-5CD5146E9316}.Release|x86.ActiveCfg = Release|Win32
		{DC5E00AD-1E4A-4024-B25D-5CD5146E9316}.Release|x86.Build.0 = Release|Win32
		{9A4B530D-D5A5-4453-A4FA-70604A9F0657}.Debug|x64.ActiveCfg = Debug|x64
		{9A4B530D-D5A5-4453-A4FA-70604A9F0657}.Debug|x64.Build.0 = Debug|x64
		{9A4B530D-D5A5-4453-A4FA-70604A9F0657}.Debug|x86.ActiveCfg = Debug|Win32
		{9A4B530D-D5A5-4453-A4FA-70604A9F0657}.Debug|x86.Build.0 = Debug|Win32
		{9A4B530D-D5A5-4453-A4FA-70604A9F0657}.Release|x64.ActiveCfg = Release|x64
		{9A4B530D-D5A5-4453-A4FA-70604A9F0657}.Release|x64.Build.0 = Release|x64
		{9A4B530D-D5A5-4453-A4FA-70604A9F0657}.Release|x86.ActiveCfg = Release|Win32
		{9A4B530D-D5A5-4453-A4FA-70604A9F0657}.Release|x86.Build.0 = Release|Win32
		{CDAD5E4B-A5CE-4D8D-87E6-0F80D4AFD185}.Debug|x64.ActiveCfg = Debug|x64
		{CDAD5E4B-A5CE-4D8D-87E6-0F80D4AFD185}.Debug|x64.Build.0 = Debug|x64
		{CDAD5E4B-A5CE-4D8D-87E6-0F80D4AFD185}.Debug|x86.ActiveCfg = Debug|Win32
		{CDAD5E4B-A5CE-4D8D-87E6-0F80D4AFD185}.Debug|x86.Build.0 = Debug|Win32
		{CDAD5E4B-A5CE-4D8D-87E6-0F80D4AFD185}.Release|x64.ActiveCfg = Release|x64
		{CDAD5E4B-A5CE-4D8D-87E6-0F80D4AFD185}.Release|x64.Build.0 = Release|x64
		{CDAD5E4B-A5CE-4D8D-87E6-0F80D4AFD185}.Release|x86.ActiveCfg = Release|Win32
		{CDAD5E4B-A5CE-4D8D-87E6-0F80D4AFD185}.Release|x86.Build.0 = Release|Win32
	EndGlobalSection
	GlobalSection(SolutionProperties) = preSolution
		HideSolutionNode = FALSE
	EndGlobalSection
	GlobalSection(ExtensibilityGlobals) = postSolution
		SolutionGuid = {696BAEB0-4D9F-462C-82B9-C5E198F72876}
	EndGlobalSection
EndGlobal
