
Microsoft Visual Studio Solution File, Format Version 12.00
# Visual Studio Version 17
VisualStudioVersion = 17.11.35327.3
MinimumVisualStudioVersion = 10.0.40219.1
Project("{8BC9CEB8-8B4A-11D0-8D11-00A0C91BC942}") = "Task 01", "Task 01\Task 01.vcxproj", "{C67E06EC-1F3D-48DC-B8A2-030737CBE988}"
EndProject
Project("{8BC9CEB8-8B4A-11D0-8D11-00A0C91BC942}") = "Task 02", "Task 02\Task 02.vcxproj", "{57D53DD4-A9E6-4F20-A16B-1136DB82FE38}"
EndProject
Project("{8BC9CEB8-8B4A-11D0-8D11-00A0C91BC942}") = "Task 03", "Task 03\Task 03.vcxproj", "{A0E9FE5A-2B71-4E7D-956D-236D5071CC58}"
EndProject
Project("{8BC9CEB8-8B4A-11D0-8D11-00A0C91BC942}") = "Task 04", "Task 04\Task 04.vcxproj", "{7B1A85D9-FA91-4909-B433-55C745A2EC04}"
EndProject
Project("{8BC9CEB8-8B4A-11D0-8D11-00A0C91BC942}") = "Task 05", "Task 05\Task 05.vcxproj", "{31C03290-E592-40DC-B117-AD16F073EF0E}"
EndProject
Global
	GlobalSection(SolutionConfigurationPlatforms) = preSolution
		Debug|x64 = Debug|x64
		Debug|x86 = Debug|x86
		Release|x64 = Release|x64
		Release|x86 = Release|x86
	EndGlobalSection
	GlobalSection(ProjectConfigurationPlatforms) = postSolution
		{C67E06EC-1F3D-48DC-B8A2-030737CBE988}.Debug|x64.ActiveCfg = Debug|x64
		{C67E06EC-1F3D-48DC-B8A2-030737CBE988}.Debug|x64.Build.0 = Debug|x64
		{C67E06EC-1F3D-48DC-B8A2-030737CBE988}.Debug|x86.ActiveCfg = Debug|Win32
		{C67E06EC-1F3D-48DC-B8A2-030737CBE988}.Debug|x86.Build.0 = Debug|Win32
		{C67E06EC-1F3D-48DC-B8A2-030737CBE988}.Release|x64.ActiveCfg = Release|x64
		{C67E06EC-1F3D-48DC-B8A2-030737CBE988}.Release|x64.Build.0 = Release|x64
		{C67E06EC-1F3D-48DC-B8A2-030737CBE988}.Release|x86.ActiveCfg = Release|Win32
		{C67E06EC-1F3D-48DC-B8A2-030737CBE988}.Release|x86.Build.0 = Release|Win32
		{57D53DD4-A9E6-4F20-A16B-1136DB82FE38}.Debug|x64.ActiveCfg = Debug|x64
		{57D53DD4-A9E6-4F20-A16B-1136DB82FE38}.Debug|x64.Build.0 = Debug|x64
		{57D53DD4-A9E6-4F20-A16B-1136DB82FE38}.Debug|x86.ActiveCfg = Debug|Win32
		{57D53DD4-A9E6-4F20-A16B-1136DB82FE38}.Debug|x86.Build.0 = Debug|Win32
		{57D53DD4-A9E6-4F20-A16B-1136DB82FE38}.Release|x64.ActiveCfg = Release|x64
		{57D53DD4-A9E6-4F20-A16B-1136DB82FE38}.Release|x64.Build.0 = Release|x64
		{57D53DD4-A9E6-4F20-A16B-1136DB82FE38}.Release|x86.ActiveCfg = Release|Win32
		{57D53DD4-A9E6-4F20-A16B-1136DB82FE38}.Release|x86.Build.0 = Release|Win32
		{A0E9FE5A-2B71-4E7D-956D-236D5071CC58}.Debug|x64.ActiveCfg = Debug|x64
		{A0E9FE5A-2B71-4E7D-956D-236D5071CC58}.Debug|x64.Build.0 = Debug|x64
		{A0E9FE5A-2B71-4E7D-956D-236D5071CC58}.Debug|x86.ActiveCfg = Debug|Win32
		{A0E9FE5A-2B71-4E7D-956D-236D5071CC58}.Debug|x86.Build.0 = Debug|Win32
		{A0E9FE5A-2B71-4E7D-956D-236D5071CC58}.Release|x64.ActiveCfg = Release|x64
		{A0E9FE5A-2B71-4E7D-956D-236D5071CC58}.Release|x64.Build.0 = Release|x64
		{A0E9FE5A-2B71-4E7D-956D-236D5071CC58}.Release|x86.ActiveCfg = Release|Win32
		{A0E9FE5A-2B71-4E7D-956D-236D5071CC58}.Release|x86.Build.0 = Release|Win32
		{7B1A85D9-FA91-4909-B433-55C745A2EC04}.Debug|x64.ActiveCfg = Debug|x64
		{7B1A85D9-FA91-4909-B433-55C745A2EC04}.Debug|x64.Build.0 = Debug|x64
		{7B1A85D9-FA91-4909-B433-55C745A2EC04}.Debug|x86.ActiveCfg = Debug|Win32
		{7B1A85D9-FA91-4909-B433-55C745A2EC04}.Debug|x86.Build.0 = Debug|Win32
		{7B1A85D9-FA91-4909-B433-55C745A2EC04}.Release|x64.ActiveCfg = Release|x64
		{7B1A85D9-FA91-4909-B433-55C745A2EC04}.Release|x64.Build.0 = Release|x64
		{7B1A85D9-FA91-4909-B433-55C745A2EC04}.Release|x86.ActiveCfg = Release|Win32
		{7B1A85D9-FA91-4909-B433-55C745A2EC04}.Release|x86.Build.0 = Release|Win32
		{31C03290-E592-40DC-B117-AD16F073EF0E}.Debug|x64.ActiveCfg = Debug|x64
		{31C03290-E592-40DC-B117-AD16F073EF0E}.Debug|x64.Build.0 = Debug|x64
		{31C03290-E592-40DC-B117-AD16F073EF0E}.Debug|x86.ActiveCfg = Debug|Win32
		{31C03290-E592-40DC-B117-AD16F073EF0E}.Debug|x86.Build.0 = Debug|Win32
		{31C03290-E592-40DC-B117-AD16F073EF0E}.Release|x64.ActiveCfg = Release|x64
		{31C03290-E592-40DC-B117-AD16F073EF0E}.Release|x64.Build.0 = Release|x64
		{31C03290-E592-40DC-B117-AD16F073EF0E}.Release|x86.ActiveCfg = Release|Win32
		{31C03290-E592-40DC-B117-AD16F073EF0E}.Release|x86.Build.0 = Release|Win32
	EndGlobalSection
	GlobalSection(SolutionProperties) = preSolution
		HideSolutionNode = FALSE
	EndGlobalSection
	GlobalSection(ExtensibilityGlobals) = postSolution
		SolutionGuid = {D26BC472-0DE5-4003-A7D0-EE0C150FF915}
	EndGlobalSection
EndGlobal
